
Microsoft Visual Studio Solution File, Format Version 12.00
# Visual Studio 2013
VisualStudioVersion = 12.0.21005.1
MinimumVisualStudioVersion = 10.0.40219.1
Project("{FAE04EC0-301F-11D3-BF4B-00C04F79EFBC}") = "Colossus", "Colossus\Colossus.csproj", "{B8797092-1DD9-4679-BF8D-C5F0FF70C6ED}"
EndProject
Project("{FAE04EC0-301F-11D3-BF4B-00C04F79EFBC}") = "Colossus.Console", "Colossus.Console\Colossus.Console.csproj", "{B6AAB68A-B7DC-4151-930C-3692E403236F}"
EndProject
Global
	GlobalSection(SolutionConfigurationPlatforms) = preSolution
		Debug|Any CPU = Debug|Any CPU
		Release|Any CPU = Release|Any CPU
	EndGlobalSection
	GlobalSection(ProjectConfigurationPlatforms) = postSolution
		{B8797092-1DD9-4679-BF8D-C5F0FF70C6ED}.Debug|Any CPU.ActiveCfg = Debug|Any CPU
		{B8797092-1DD9-4679-BF8D-C5F0FF70C6ED}.Debug|Any CPU.Build.0 = Debug|Any CPU
		{B8797092-1DD9-4679-BF8D-C5F0FF70C6ED}.Release|Any CPU.ActiveCfg = Release|Any CPU
		{B8797092-1DD9-4679-BF8D-C5F0FF70C6ED}.Release|Any CPU.Build.0 = Release|Any CPU
		{B6AAB68A-B7DC-4151-930C-3692E403236F}.Debug|Any CPU.ActiveCfg = Debug|Any CPU
		{B6AAB68A-B7DC-4151-930C-3692E403236F}.Debug|Any CPU.Build.0 = Debug|Any CPU
		{B6AAB68A-B7DC-4151-930C-3692E403236F}.Release|Any CPU.ActiveCfg = Release|Any CPU
		{B6AAB68A-B7DC-4151-930C-3692E403236F}.Release|Any CPU.Build.0 = Release|Any CPU
	EndGlobalSection
	GlobalSection(SolutionProperties) = preSolution
		HideSolutionNode = FALSE
	EndGlobalSection
EndGlobal
